
Microsoft Visual Studio Solution File, Format Version 12.00
# Visual Studio Version 16
VisualStudioVersion = 16.0.31019.35
MinimumVisualStudioVersion = 10.0.40219.1
Project("{9A19103F-16F7-4668-BE54-9A1E7A4F7556}") = "ApiApp", "ApiApp\ApiApp.csproj", "{3EC6A23F-71F5-4575-AA3B-D9244AA877FD}"
EndProject
Global
	GlobalSection(SolutionConfigurationPlatforms) = preSolution
		Debug|Any CPU = Debug|Any CPU
		Release|Any CPU = Release|Any CPU
	EndGlobalSection
	GlobalSection(ProjectConfigurationPlatforms) = postSolution
		{3EC6A23F-71F5-4575-AA3B-D9244AA877FD}.Debug|Any CPU.ActiveCfg = Debug|Any CPU
		{3EC6A23F-71F5-4575-AA3B-D9244AA877FD}.Debug|Any CPU.Build.0 = Debug|Any CPU
		{3EC6A23F-71F5-4575-AA3B-D9244AA877FD}.Release|Any CPU.ActiveCfg = Release|Any CPU
		{3EC6A23F-71F5-4575-AA3B-D9244AA877FD}.Release|Any CPU.Build.0 = Release|Any CPU
	EndGlobalSection
	GlobalSection(SolutionProperties) = preSolution
		HideSolutionNode = FALSE
	EndGlobalSection
	GlobalSection(ExtensibilityGlobals) = postSolution
		SolutionGuid = {7955F037-30AB-4472-9A08-5B769D324D55}
	EndGlobalSection
EndGlobal
